// !$*UTF8*$!
{
	archiveVersion = 1;
	classes = {
	};
	objectVersion = 55;
	objects = {

/* Begin PBXBuildFile section */
		52DE6A4127FEA40C00C195BC /* AppDelegate.swift in Sources */ = {isa = PBXBuildFile; fileRef = 52DE6A4027FEA40C00C195BC /* AppDelegate.swift */; };
		52DE6A4327FEA40C00C195BC /* SceneDelegate.swift in Sources */ = {isa = PBXBuildFile; fileRef = 52DE6A4227FEA40C00C195BC /* SceneDelegate.swift */; };
		52DE6A4527FEA40C00C195BC /* ViewController.swift in Sources */ = {isa = PBXBuildFile; fileRef = 52DE6A4427FEA40C00C195BC /* ViewController.swift */; };
		52DE6A4827FEA40C00C195BC /* Main.storyboard in Resources */ = {isa = PBXBuildFile; fileRef = 52DE6A4627FEA40C00C195BC /* Main.storyboard */; };
		52DE6A4A27FEA40C00C195BC /* Assets.xcassets in Resources */ = {isa = PBXBuildFile; fileRef = 52DE6A4927FEA40C00C195BC /* Assets.xcassets */; };
		52DE6A4D27FEA40C00C195BC /* LaunchScreen.storyboard in Resources */ = {isa = PBXBuildFile; fileRef = 52DE6A4B27FEA40C00C195BC /* LaunchScreen.storyboard */; };
		52DE6A5B27FEA42900C195BC /* AppDelegate.swift in Sources */ = {isa = PBXBuildFile; fileRef = 52DE6A5A27FEA42900C195BC /* AppDelegate.swift */; };
		52DE6A5D27FEA42900C195BC /* SceneDelegate.swift in Sources */ = {isa = PBXBuildFile; fileRef = 52DE6A5C27FEA42900C195BC /* SceneDelegate.swift */; };
		52DE6A5F27FEA42900C195BC /* ViewController.swift in Sources */ = {isa = PBXBuildFile; fileRef = 52DE6A5E27FEA42900C195BC /* ViewController.swift */; };
		52DE6A6227FEA42900C195BC /* Main.storyboard in Resources */ = {isa = PBXBuildFile; fileRef = 52DE6A6027FEA42900C195BC /* Main.storyboard */; };
		52DE6A6727FEA42900C195BC /* LaunchScreen.storyboard in Resources */ = {isa = PBXBuildFile; fileRef = 52DE6A6527FEA42900C195BC /* LaunchScreen.storyboard */; };
		52DE6A6D27FEA44F00C195BC /* Assets.xcassets in Resources */ = {isa = PBXBuildFile; fileRef = 52DE6A4927FEA40C00C195BC /* Assets.xcassets */; };
		52DE6A6F27FEA47500C195BC /* LoginStoryboard.storyboard in Resources */ = {isa = PBXBuildFile; fileRef = 52DE6A6E27FEA47500C195BC /* LoginStoryboard.storyboard */; };
		52DE6A7127FEA68A00C195BC /* GoogleService-Info.plist in Resources */ = {isa = PBXBuildFile; fileRef = 52DE6A7027FEA68A00C195BC /* GoogleService-Info.plist */; };
		52DE6A7227FEA68A00C195BC /* GoogleService-Info.plist in Resources */ = {isa = PBXBuildFile; fileRef = 52DE6A7027FEA68A00C195BC /* GoogleService-Info.plist */; };
		52DE6A7527FEA74600C195BC /* FirebaseAnalytics in Frameworks */ = {isa = PBXBuildFile; productRef = 52DE6A7427FEA74600C195BC /* FirebaseAnalytics */; };
		52DE6A7727FEA74600C195BC /* FirebaseAnalyticsSwift-Beta in Frameworks */ = {isa = PBXBuildFile; productRef = 52DE6A7627FEA74600C195BC /* FirebaseAnalyticsSwift-Beta */; };
		52DE6A7927FEA74600C195BC /* FirebaseAnalyticsWithoutAdIdSupport in Frameworks */ = {isa = PBXBuildFile; productRef = 52DE6A7827FEA74600C195BC /* FirebaseAnalyticsWithoutAdIdSupport */; };
		52DE6A7B27FEA74600C195BC /* FirebaseAuth in Frameworks */ = {isa = PBXBuildFile; productRef = 52DE6A7A27FEA74600C195BC /* FirebaseAuth */; };
		52DE6A7D27FEA74600C195BC /* FirebaseFirestore in Frameworks */ = {isa = PBXBuildFile; productRef = 52DE6A7C27FEA74600C195BC /* FirebaseFirestore */; };
		52DE6A7F27FEA74600C195BC /* FirebaseFunctions in Frameworks */ = {isa = PBXBuildFile; productRef = 52DE6A7E27FEA74600C195BC /* FirebaseFunctions */; };
		52DE6A8127FEA74600C195BC /* FirebaseStorage in Frameworks */ = {isa = PBXBuildFile; productRef = 52DE6A8027FEA74600C195BC /* FirebaseStorage */; };
		52DE6A8427FEA76600C195BC /* Kingfisher in Frameworks */ = {isa = PBXBuildFile; productRef = 52DE6A8327FEA76600C195BC /* Kingfisher */; };
		52DE6A8727FEA9D300C195BC /* Stripe in Frameworks */ = {isa = PBXBuildFile; productRef = 52DE6A8627FEA9D300C195BC /* Stripe */; };
		52DE6A8927FEA9D300C195BC /* StripeApplePay in Frameworks */ = {isa = PBXBuildFile; productRef = 52DE6A8827FEA9D300C195BC /* StripeApplePay */; };
		52DE6A8B27FEA9D300C195BC /* StripeConnections in Frameworks */ = {isa = PBXBuildFile; productRef = 52DE6A8A27FEA9D300C195BC /* StripeConnections */; };
		52DE6A9127FF6CBA00C195BC /* LoginVC.swift in Sources */ = {isa = PBXBuildFile; fileRef = 52DE6A9027FF6CBA00C195BC /* LoginVC.swift */; };
		52DE6A9327FF6CE400C195BC /* RegisterVC.swift in Sources */ = {isa = PBXBuildFile; fileRef = 52DE6A9227FF6CE400C195BC /* RegisterVC.swift */; };
		52DE6A9627FFB19100C195BC /* Extensions.swift in Sources */ = {isa = PBXBuildFile; fileRef = 52DE6A9527FFB19100C195BC /* Extensions.swift */; };
		52DE6A9827FFE92700C195BC /* Constants.swift in Sources */ = {isa = PBXBuildFile; fileRef = 52DE6A9727FFE92700C195BC /* Constants.swift */; };
		52DE6A9B27FFF32200C195BC /* RoundedViews.swift in Sources */ = {isa = PBXBuildFile; fileRef = 52DE6A9A27FFF32200C195BC /* RoundedViews.swift */; };
/* End PBXBuildFile section */

/* Begin PBXFileReference section */
		52DE6A3D27FEA40C00C195BC /* Art.app */ = {isa = PBXFileReference; explicitFileType = wrapper.application; includeInIndex = 0; path = Art.app; sourceTree = BUILT_PRODUCTS_DIR; };
		52DE6A4027FEA40C00C195BC /* AppDelegate.swift */ = {isa = PBXFileReference; lastKnownFileType = sourcecode.swift; path = AppDelegate.swift; sourceTree = "<group>"; };
		52DE6A4227FEA40C00C195BC /* SceneDelegate.swift */ = {isa = PBXFileReference; lastKnownFileType = sourcecode.swift; path = SceneDelegate.swift; sourceTree = "<group>"; };
		52DE6A4427FEA40C00C195BC /* ViewController.swift */ = {isa = PBXFileReference; lastKnownFileType = sourcecode.swift; path = ViewController.swift; sourceTree = "<group>"; };
		52DE6A4727FEA40C00C195BC /* Base */ = {isa = PBXFileReference; lastKnownFileType = file.storyboard; name = Base; path = Base.lproj/Main.storyboard; sourceTree = "<group>"; };
		52DE6A4927FEA40C00C195BC /* Assets.xcassets */ = {isa = PBXFileReference; lastKnownFileType = folder.assetcatalog; path = Assets.xcassets; sourceTree = "<group>"; };
		52DE6A4C27FEA40C00C195BC /* Base */ = {isa = PBXFileReference; lastKnownFileType = file.storyboard; name = Base; path = Base.lproj/LaunchScreen.storyboard; sourceTree = "<group>"; };
		52DE6A4E27FEA40C00C195BC /* Info.plist */ = {isa = PBXFileReference; lastKnownFileType = text.plist.xml; path = Info.plist; sourceTree = "<group>"; };
		52DE6A5827FEA42800C195BC /* ArtAdmin.app */ = {isa = PBXFileReference; explicitFileType = wrapper.application; includeInIndex = 0; path = ArtAdmin.app; sourceTree = BUILT_PRODUCTS_DIR; };
		52DE6A5A27FEA42900C195BC /* AppDelegate.swift */ = {isa = PBXFileReference; lastKnownFileType = sourcecode.swift; path = AppDelegate.swift; sourceTree = "<group>"; };
		52DE6A5C27FEA42900C195BC /* SceneDelegate.swift */ = {isa = PBXFileReference; lastKnownFileType = sourcecode.swift; path = SceneDelegate.swift; sourceTree = "<group>"; };
		52DE6A5E27FEA42900C195BC /* ViewController.swift */ = {isa = PBXFileReference; lastKnownFileType = sourcecode.swift; path = ViewController.swift; sourceTree = "<group>"; };
		52DE6A6127FEA42900C195BC /* Base */ = {isa = PBXFileReference; lastKnownFileType = file.storyboard; name = Base; path = Base.lproj/Main.storyboard; sourceTree = "<group>"; };
		52DE6A6627FEA42900C195BC /* Base */ = {isa = PBXFileReference; lastKnownFileType = file.storyboard; name = Base; path = Base.lproj/LaunchScreen.storyboard; sourceTree = "<group>"; };
		52DE6A6827FEA42900C195BC /* Info.plist */ = {isa = PBXFileReference; lastKnownFileType = text.plist.xml; path = Info.plist; sourceTree = "<group>"; };
		52DE6A6E27FEA47500C195BC /* LoginStoryboard.storyboard */ = {isa = PBXFileReference; fileEncoding = 4; lastKnownFileType = file.storyboard; path = LoginStoryboard.storyboard; sourceTree = "<group>"; };
		52DE6A7027FEA68A00C195BC /* GoogleService-Info.plist */ = {isa = PBXFileReference; fileEncoding = 4; lastKnownFileType = text.plist.xml; path = "GoogleService-Info.plist"; sourceTree = "<group>"; };
		52DE6A9027FF6CBA00C195BC /* LoginVC.swift */ = {isa = PBXFileReference; lastKnownFileType = sourcecode.swift; path = LoginVC.swift; sourceTree = "<group>"; };
		52DE6A9227FF6CE400C195BC /* RegisterVC.swift */ = {isa = PBXFileReference; lastKnownFileType = sourcecode.swift; path = RegisterVC.swift; sourceTree = "<group>"; };
		52DE6A9527FFB19100C195BC /* Extensions.swift */ = {isa = PBXFileReference; lastKnownFileType = sourcecode.swift; path = Extensions.swift; sourceTree = "<group>"; };
		52DE6A9727FFE92700C195BC /* Constants.swift */ = {isa = PBXFileReference; lastKnownFileType = sourcecode.swift; path = Constants.swift; sourceTree = "<group>"; };
		52DE6A9A27FFF32200C195BC /* RoundedViews.swift */ = {isa = PBXFileReference; lastKnownFileType = sourcecode.swift; path = RoundedViews.swift; sourceTree = "<group>"; };
/* End PBXFileReference section */

/* Begin PBXFrameworksBuildPhase section */
		52DE6A3A27FEA40C00C195BC /* Frameworks */ = {
			isa = PBXFrameworksBuildPhase;
			buildActionMask = 2147483647;
			files = (
				52DE6A7727FEA74600C195BC /* FirebaseAnalyticsSwift-Beta in Frameworks */,
				52DE6A7927FEA74600C195BC /* FirebaseAnalyticsWithoutAdIdSupport in Frameworks */,
				52DE6A8B27FEA9D300C195BC /* StripeConnections in Frameworks */,
				52DE6A7527FEA74600C195BC /* FirebaseAnalytics in Frameworks */,
				52DE6A7F27FEA74600C195BC /* FirebaseFunctions in Frameworks */,
				52DE6A8427FEA76600C195BC /* Kingfisher in Frameworks */,
				52DE6A8927FEA9D300C195BC /* StripeApplePay in Frameworks */,
				52DE6A8127FEA74600C195BC /* FirebaseStorage in Frameworks */,
				52DE6A7D27FEA74600C195BC /* FirebaseFirestore in Frameworks */,
				52DE6A7B27FEA74600C195BC /* FirebaseAuth in Frameworks */,
				52DE6A8727FEA9D300C195BC /* Stripe in Frameworks */,
			);
			runOnlyForDeploymentPostprocessing = 0;
		};
		52DE6A5527FEA42800C195BC /* Frameworks */ = {
			isa = PBXFrameworksBuildPhase;
			buildActionMask = 2147483647;
			files = (
			);
			runOnlyForDeploymentPostprocessing = 0;
		};
/* End PBXFrameworksBuildPhase section */

/* Begin PBXGroup section */
		52DE6A3427FEA40C00C195BC = {
			isa = PBXGroup;
			children = (
				52DE6A6C27FEA43F00C195BC /* Shared */,
				52DE6A3F27FEA40C00C195BC /* Art */,
				52DE6A5927FEA42800C195BC /* ArtAdmin */,
				52DE6A3E27FEA40C00C195BC /* Products */,
			);
			sourceTree = "<group>";
		};
		52DE6A3E27FEA40C00C195BC /* Products */ = {
			isa = PBXGroup;
			children = (
				52DE6A3D27FEA40C00C195BC /* Art.app */,
				52DE6A5827FEA42800C195BC /* ArtAdmin.app */,
			);
			name = Products;
			sourceTree = "<group>";
		};
		52DE6A3F27FEA40C00C195BC /* Art */ = {
			isa = PBXGroup;
			children = (
				52DE6A8E27FF657700C195BC /* Model */,
				52DE6A8D27FF655500C195BC /* View */,
				52DE6A8C27FF654200C195BC /* Controller */,
				52DE6A8F27FF658A00C195BC /* Storyboard */,
				52DE6A4227FEA40C00C195BC /* SceneDelegate.swift */,
				52DE6A7027FEA68A00C195BC /* GoogleService-Info.plist */,
				52DE6A4E27FEA40C00C195BC /* Info.plist */,
			);
			path = Art;
			sourceTree = "<group>";
		};
		52DE6A5927FEA42800C195BC /* ArtAdmin */ = {
			isa = PBXGroup;
			children = (
				52DE6A5A27FEA42900C195BC /* AppDelegate.swift */,
				52DE6A5C27FEA42900C195BC /* SceneDelegate.swift */,
				52DE6A5E27FEA42900C195BC /* ViewController.swift */,
				52DE6A6027FEA42900C195BC /* Main.storyboard */,
				52DE6A6527FEA42900C195BC /* LaunchScreen.storyboard */,
				52DE6A6827FEA42900C195BC /* Info.plist */,
			);
			path = ArtAdmin;
			sourceTree = "<group>";
		};
		52DE6A6C27FEA43F00C195BC /* Shared */ = {
			isa = PBXGroup;
			children = (
				52DE6A9927FFF2B300C195BC /* View */,
				52DE6A9427FFB15B00C195BC /* Utils */,
				52DE6A4927FEA40C00C195BC /* Assets.xcassets */,
			);
			path = Shared;
			sourceTree = "<group>";
		};
		52DE6A8C27FF654200C195BC /* Controller */ = {
			isa = PBXGroup;
			children = (
				52DE6A4027FEA40C00C195BC /* AppDelegate.swift */,
				52DE6A4427FEA40C00C195BC /* ViewController.swift */,
				52DE6A9027FF6CBA00C195BC /* LoginVC.swift */,
				52DE6A9227FF6CE400C195BC /* RegisterVC.swift */,
			);
			path = Controller;
			sourceTree = "<group>";
		};
		52DE6A8D27FF655500C195BC /* View */ = {
			isa = PBXGroup;
			children = (
			);
			path = View;
			sourceTree = "<group>";
		};
		52DE6A8E27FF657700C195BC /* Model */ = {
			isa = PBXGroup;
			children = (
			);
			path = Model;
			sourceTree = "<group>";
		};
		52DE6A8F27FF658A00C195BC /* Storyboard */ = {
			isa = PBXGroup;
			children = (
				52DE6A4627FEA40C00C195BC /* Main.storyboard */,
				52DE6A4B27FEA40C00C195BC /* LaunchScreen.storyboard */,
				52DE6A6E27FEA47500C195BC /* LoginStoryboard.storyboard */,
			);
			path = Storyboard;
			sourceTree = "<group>";
		};
		52DE6A9427FFB15B00C195BC /* Utils */ = {
			isa = PBXGroup;
			children = (
				52DE6A9527FFB19100C195BC /* Extensions.swift */,
				52DE6A9727FFE92700C195BC /* Constants.swift */,
			);
			path = Utils;
			sourceTree = "<group>";
		};
		52DE6A9927FFF2B300C195BC /* View */ = {
			isa = PBXGroup;
			children = (
				52DE6A9A27FFF32200C195BC /* RoundedViews.swift */,
			);
			path = View;
			sourceTree = "<group>";
		};
/* End PBXGroup section */

/* Begin PBXNativeTarget section */
		52DE6A3C27FEA40C00C195BC /* Art */ = {
			isa = PBXNativeTarget;
			buildConfigurationList = 52DE6A5127FEA40C00C195BC /* Build configuration list for PBXNativeTarget "Art" */;
			buildPhases = (
				52DE6A3927FEA40C00C195BC /* Sources */,
				52DE6A3A27FEA40C00C195BC /* Frameworks */,
				52DE6A3B27FEA40C00C195BC /* Resources */,
			);
			buildRules = (
			);
			dependencies = (
			);
			name = Art;
			packageProductDependencies = (
				52DE6A7427FEA74600C195BC /* FirebaseAnalytics */,
				52DE6A7627FEA74600C195BC /* FirebaseAnalyticsSwift-Beta */,
				52DE6A7827FEA74600C195BC /* FirebaseAnalyticsWithoutAdIdSupport */,
				52DE6A7A27FEA74600C195BC /* FirebaseAuth */,
				52DE6A7C27FEA74600C195BC /* FirebaseFirestore */,
				52DE6A7E27FEA74600C195BC /* FirebaseFunctions */,
				52DE6A8027FEA74600C195BC /* FirebaseStorage */,
				52DE6A8327FEA76600C195BC /* Kingfisher */,
				52DE6A8627FEA9D300C195BC /* Stripe */,
				52DE6A8827FEA9D300C195BC /* StripeApplePay */,
				52DE6A8A27FEA9D300C195BC /* StripeConnections */,
			);
			productName = Art;
			productReference = 52DE6A3D27FEA40C00C195BC /* Art.app */;
			productType = "com.apple.product-type.application";
		};
		52DE6A5727FEA42800C195BC /* ArtAdmin */ = {
			isa = PBXNativeTarget;
			buildConfigurationList = 52DE6A6927FEA42900C195BC /* Build configuration list for PBXNativeTarget "ArtAdmin" */;
			buildPhases = (
				52DE6A5427FEA42800C195BC /* Sources */,
				52DE6A5527FEA42800C195BC /* Frameworks */,
				52DE6A5627FEA42800C195BC /* Resources */,
			);
			buildRules = (
			);
			dependencies = (
			);
			name = ArtAdmin;
			productName = ArtAdmin;
			productReference = 52DE6A5827FEA42800C195BC /* ArtAdmin.app */;
			productType = "com.apple.product-type.application";
		};
/* End PBXNativeTarget section */

/* Begin PBXProject section */
		52DE6A3527FEA40C00C195BC /* Project object */ = {
			isa = PBXProject;
			attributes = {
				BuildIndependentTargetsInParallel = 1;
				LastSwiftUpdateCheck = 1330;
				LastUpgradeCheck = 1330;
				TargetAttributes = {
					52DE6A3C27FEA40C00C195BC = {
						CreatedOnToolsVersion = 13.3;
					};
					52DE6A5727FEA42800C195BC = {
						CreatedOnToolsVersion = 13.3;
					};
				};
			};
			buildConfigurationList = 52DE6A3827FEA40C00C195BC /* Build configuration list for PBXProject "Art" */;
			compatibilityVersion = "Xcode 13.0";
			developmentRegion = en;
			hasScannedForEncodings = 0;
			knownRegions = (
				en,
				Base,
			);
			mainGroup = 52DE6A3427FEA40C00C195BC;
			packageReferences = (
				52DE6A7327FEA74600C195BC /* XCRemoteSwiftPackageReference "firebase-ios-sdk" */,
				52DE6A8227FEA76600C195BC /* XCRemoteSwiftPackageReference "Kingfisher" */,
				52DE6A8527FEA9D300C195BC /* XCRemoteSwiftPackageReference "stripe-ios" */,
			);
			productRefGroup = 52DE6A3E27FEA40C00C195BC /* Products */;
			projectDirPath = "";
			projectRoot = "";
			targets = (
				52DE6A3C27FEA40C00C195BC /* Art */,
				52DE6A5727FEA42800C195BC /* ArtAdmin */,
			);
		};
/* End PBXProject section */

/* Begin PBXResourcesBuildPhase section */
		52DE6A3B27FEA40C00C195BC /* Resources */ = {
			isa = PBXResourcesBuildPhase;
			buildActionMask = 2147483647;
			files = (
				52DE6A4D27FEA40C00C195BC /* LaunchScreen.storyboard in Resources */,
				52DE6A4A27FEA40C00C195BC /* Assets.xcassets in Resources */,
				52DE6A4827FEA40C00C195BC /* Main.storyboard in Resources */,
				52DE6A6F27FEA47500C195BC /* LoginStoryboard.storyboard in Resources */,
				52DE6A7127FEA68A00C195BC /* GoogleService-Info.plist in Resources */,
			);
			runOnlyForDeploymentPostprocessing = 0;
		};
		52DE6A5627FEA42800C195BC /* Resources */ = {
			isa = PBXResourcesBuildPhase;
			buildActionMask = 2147483647;
			files = (
				52DE6A6727FEA42900C195BC /* LaunchScreen.storyboard in Resources */,
				52DE6A6D27FEA44F00C195BC /* Assets.xcassets in Resources */,
				52DE6A6227FEA42900C195BC /* Main.storyboard in Resources */,
				52DE6A7227FEA68A00C195BC /* GoogleService-Info.plist in Resources */,
			);
			runOnlyForDeploymentPostprocessing = 0;
		};
/* End PBXResourcesBuildPhase section */

/* Begin PBXSourcesBuildPhase section */
		52DE6A3927FEA40C00C195BC /* Sources */ = {
			isa = PBXSourcesBuildPhase;
			buildActionMask = 2147483647;
			files = (
				52DE6A4527FEA40C00C195BC /* ViewController.swift in Sources */,
				52DE6A9627FFB19100C195BC /* Extensions.swift in Sources */,
				52DE6A4127FEA40C00C195BC /* AppDelegate.swift in Sources */,
				52DE6A9127FF6CBA00C195BC /* LoginVC.swift in Sources */,
				52DE6A9B27FFF32200C195BC /* RoundedViews.swift in Sources */,
				52DE6A9827FFE92700C195BC /* Constants.swift in Sources */,
				52DE6A4327FEA40C00C195BC /* SceneDelegate.swift in Sources */,
				52DE6A9327FF6CE400C195BC /* RegisterVC.swift in Sources */,
			);
			runOnlyForDeploymentPostprocessing = 0;
		};
		52DE6A5427FEA42800C195BC /* Sources */ = {
			isa = PBXSourcesBuildPhase;
			buildActionMask = 2147483647;
			files = (
				52DE6A5F27FEA42900C195BC /* ViewController.swift in Sources */,
				52DE6A5B27FEA42900C195BC /* AppDelegate.swift in Sources */,
				52DE6A5D27FEA42900C195BC /* SceneDelegate.swift in Sources */,
			);
			runOnlyForDeploymentPostprocessing = 0;
		};
/* End PBXSourcesBuildPhase section */

/* Begin PBXVariantGroup section */
		52DE6A4627FEA40C00C195BC /* Main.storyboard */ = {
			isa = PBXVariantGroup;
			children = (
				52DE6A4727FEA40C00C195BC /* Base */,
			);
			name = Main.storyboard;
			sourceTree = "<group>";
		};
		52DE6A4B27FEA40C00C195BC /* LaunchScreen.storyboard */ = {
			isa = PBXVariantGroup;
			children = (
				52DE6A4C27FEA40C00C195BC /* Base */,
			);
			name = LaunchScreen.storyboard;
			sourceTree = "<group>";
		};
		52DE6A6027FEA42900C195BC /* Main.storyboard */ = {
			isa = PBXVariantGroup;
			children = (
				52DE6A6127FEA42900C195BC /* Base */,
			);
			name = Main.storyboard;
			sourceTree = "<group>";
		};
		52DE6A6527FEA42900C195BC /* LaunchScreen.storyboard */ = {
			isa = PBXVariantGroup;
			children = (
				52DE6A6627FEA42900C195BC /* Base */,
			);
			name = LaunchScreen.storyboard;
			sourceTree = "<group>";
		};
/* End PBXVariantGroup section */

/* Begin XCBuildConfiguration section */
		52DE6A4F27FEA40C00C195BC /* Debug */ = {
			isa = XCBuildConfiguration;
			buildSettings = {
				ALWAYS_SEARCH_USER_PATHS = NO;
				CLANG_ANALYZER_NONNULL = YES;
				CLANG_ANALYZER_NUMBER_OBJECT_CONVERSION = YES_AGGRESSIVE;
				CLANG_CXX_LANGUAGE_STANDARD = "gnu++17";
				CLANG_ENABLE_MODULES = YES;
				CLANG_ENABLE_OBJC_ARC = YES;
				CLANG_ENABLE_OBJC_WEAK = YES;
				CLANG_WARN_BLOCK_CAPTURE_AUTORELEASING = YES;
				CLANG_WARN_BOOL_CONVERSION = YES;
				CLANG_WARN_COMMA = YES;
				CLANG_WARN_CONSTANT_CONVERSION = YES;
				CLANG_WARN_DEPRECATED_OBJC_IMPLEMENTATIONS = YES;
				CLANG_WARN_DIRECT_OBJC_ISA_USAGE = YES_ERROR;
				CLANG_WARN_DOCUMENTATION_COMMENTS = YES;
				CLANG_WARN_EMPTY_BODY = YES;
				CLANG_WARN_ENUM_CONVERSION = YES;
				CLANG_WARN_INFINITE_RECURSION = YES;
				CLANG_WARN_INT_CONVERSION = YES;
				CLANG_WARN_NON_LITERAL_NULL_CONVERSION = YES;
				CLANG_WARN_OBJC_IMPLICIT_RETAIN_SELF = YES;
				CLANG_WARN_OBJC_LITERAL_CONVERSION = YES;
				CLANG_WARN_OBJC_ROOT_CLASS = YES_ERROR;
				CLANG_WARN_QUOTED_INCLUDE_IN_FRAMEWORK_HEADER = YES;
				CLANG_WARN_RANGE_LOOP_ANALYSIS = YES;
				CLANG_WARN_STRICT_PROTOTYPES = YES;
				CLANG_WARN_SUSPICIOUS_MOVE = YES;
				CLANG_WARN_UNGUARDED_AVAILABILITY = YES_AGGRESSIVE;
				CLANG_WARN_UNREACHABLE_CODE = YES;
				CLANG_WARN__DUPLICATE_METHOD_MATCH = YES;
				COPY_PHASE_STRIP = NO;
				DEBUG_INFORMATION_FORMAT = dwarf;
				ENABLE_STRICT_OBJC_MSGSEND = YES;
				ENABLE_TESTABILITY = YES;
				GCC_C_LANGUAGE_STANDARD = gnu11;
				GCC_DYNAMIC_NO_PIC = NO;
				GCC_NO_COMMON_BLOCKS = YES;
				GCC_OPTIMIZATION_LEVEL = 0;
				GCC_PREPROCESSOR_DEFINITIONS = (
					"DEBUG=1",
					"$(inherited)",
				);
				GCC_WARN_64_TO_32_BIT_CONVERSION = YES;
				GCC_WARN_ABOUT_RETURN_TYPE = YES_ERROR;
				GCC_WARN_UNDECLARED_SELECTOR = YES;
				GCC_WARN_UNINITIALIZED_AUTOS = YES_AGGRESSIVE;
				GCC_WARN_UNUSED_FUNCTION = YES;
				GCC_WARN_UNUSED_VARIABLE = YES;
				IPHONEOS_DEPLOYMENT_TARGET = 15.4;
				MTL_ENABLE_DEBUG_INFO = INCLUDE_SOURCE;
				MTL_FAST_MATH = YES;
				ONLY_ACTIVE_ARCH = YES;
				SDKROOT = iphoneos;
				SWIFT_ACTIVE_COMPILATION_CONDITIONS = DEBUG;
				SWIFT_OPTIMIZATION_LEVEL = "-Onone";
			};
			name = Debug;
		};
		52DE6A5027FEA40C00C195BC /* Release */ = {
			isa = XCBuildConfiguration;
			buildSettings = {
				ALWAYS_SEARCH_USER_PATHS = NO;
				CLANG_ANALYZER_NONNULL = YES;
				CLANG_ANALYZER_NUMBER_OBJECT_CONVERSION = YES_AGGRESSIVE;
				CLANG_CXX_LANGUAGE_STANDARD = "gnu++17";
				CLANG_ENABLE_MODULES = YES;
				CLANG_ENABLE_OBJC_ARC = YES;
				CLANG_ENABLE_OBJC_WEAK = YES;
				CLANG_WARN_BLOCK_CAPTURE_AUTORELEASING = YES;
				CLANG_WARN_BOOL_CONVERSION = YES;
				CLANG_WARN_COMMA = YES;
				CLANG_WARN_CONSTANT_CONVERSION = YES;
				CLANG_WARN_DEPRECATED_OBJC_IMPLEMENTATIONS = YES;
				CLANG_WARN_DIRECT_OBJC_ISA_USAGE = YES_ERROR;
				CLANG_WARN_DOCUMENTATION_COMMENTS = YES;
				CLANG_WARN_EMPTY_BODY = YES;
				CLANG_WARN_ENUM_CONVERSION = YES;
				CLANG_WARN_INFINITE_RECURSION = YES;
				CLANG_WARN_INT_CONVERSION = YES;
				CLANG_WARN_NON_LITERAL_NULL_CONVERSION = YES;
				CLANG_WARN_OBJC_IMPLICIT_RETAIN_SELF = YES;
				CLANG_WARN_OBJC_LITERAL_CONVERSION = YES;
				CLANG_WARN_OBJC_ROOT_CLASS = YES_ERROR;
				CLANG_WARN_QUOTED_INCLUDE_IN_FRAMEWORK_HEADER = YES;
				CLANG_WARN_RANGE_LOOP_ANALYSIS = YES;
				CLANG_WARN_STRICT_PROTOTYPES = YES;
				CLANG_WARN_SUSPICIOUS_MOVE = YES;
				CLANG_WARN_UNGUARDED_AVAILABILITY = YES_AGGRESSIVE;
				CLANG_WARN_UNREACHABLE_CODE = YES;
				CLANG_WARN__DUPLICATE_METHOD_MATCH = YES;
				COPY_PHASE_STRIP = NO;
				DEBUG_INFORMATION_FORMAT = "dwarf-with-dsym";
				ENABLE_NS_ASSERTIONS = NO;
				ENABLE_STRICT_OBJC_MSGSEND = YES;
				GCC_C_LANGUAGE_STANDARD = gnu11;
				GCC_NO_COMMON_BLOCKS = YES;
				GCC_WARN_64_TO_32_BIT_CONVERSION = YES;
				GCC_WARN_ABOUT_RETURN_TYPE = YES_ERROR;
				GCC_WARN_UNDECLARED_SELECTOR = YES;
				GCC_WARN_UNINITIALIZED_AUTOS = YES_AGGRESSIVE;
				GCC_WARN_UNUSED_FUNCTION = YES;
				GCC_WARN_UNUSED_VARIABLE = YES;
				IPHONEOS_DEPLOYMENT_TARGET = 15.4;
				MTL_ENABLE_DEBUG_INFO = NO;
				MTL_FAST_MATH = YES;
				SDKROOT = iphoneos;
				SWIFT_COMPILATION_MODE = wholemodule;
				SWIFT_OPTIMIZATION_LEVEL = "-O";
				VALIDATE_PRODUCT = YES;
			};
			name = Release;
		};
		52DE6A5227FEA40C00C195BC /* Debug */ = {
			isa = XCBuildConfiguration;
			buildSettings = {
				ASSETCATALOG_COMPILER_APPICON_NAME = AppIcon;
				ASSETCATALOG_COMPILER_GLOBAL_ACCENT_COLOR_NAME = AccentColor;
				CODE_SIGN_STYLE = Automatic;
				CURRENT_PROJECT_VERSION = 1;
				DEVELOPMENT_TEAM = F94T4F28AP;
				GENERATE_INFOPLIST_FILE = YES;
				INFOPLIST_FILE = Art/Info.plist;
				INFOPLIST_KEY_UIApplicationSupportsIndirectInputEvents = YES;
				INFOPLIST_KEY_UILaunchStoryboardName = LaunchScreen;
				INFOPLIST_KEY_UIMainStoryboardFile = Main;
				INFOPLIST_KEY_UISupportedInterfaceOrientations_iPad = "UIInterfaceOrientationPortrait UIInterfaceOrientationPortraitUpsideDown UIInterfaceOrientationLandscapeLeft UIInterfaceOrientationLandscapeRight";
				INFOPLIST_KEY_UISupportedInterfaceOrientations_iPhone = "UIInterfaceOrientationPortrait UIInterfaceOrientationLandscapeLeft UIInterfaceOrientationLandscapeRight";
				LD_RUNPATH_SEARCH_PATHS = (
					"$(inherited)",
					"@executable_path/Frameworks",
				);
				MARKETING_VERSION = 1.0;
				PRODUCT_BUNDLE_IDENTIFIER = com.webkit.Art;
				PRODUCT_NAME = "$(TARGET_NAME)";
				SWIFT_EMIT_LOC_STRINGS = YES;
				SWIFT_VERSION = 5.0;
				TARGETED_DEVICE_FAMILY = "1,2";
			};
			name = Debug;
		};
		52DE6A5327FEA40C00C195BC /* Release */ = {
			isa = XCBuildConfiguration;
			buildSettings = {
				ASSETCATALOG_COMPILER_APPICON_NAME = AppIcon;
				ASSETCATALOG_COMPILER_GLOBAL_ACCENT_COLOR_NAME = AccentColor;
				CODE_SIGN_STYLE = Automatic;
				CURRENT_PROJECT_VERSION = 1;
				DEVELOPMENT_TEAM = F94T4F28AP;
				GENERATE_INFOPLIST_FILE = YES;
				INFOPLIST_FILE = Art/Info.plist;
				INFOPLIST_KEY_UIApplicationSupportsIndirectInputEvents = YES;
				INFOPLIST_KEY_UILaunchStoryboardName = LaunchScreen;
				INFOPLIST_KEY_UIMainStoryboardFile = Main;
				INFOPLIST_KEY_UISupportedInterfaceOrientations_iPad = "UIInterfaceOrientationPortrait UIInterfaceOrientationPortraitUpsideDown UIInterfaceOrientationLandscapeLeft UIInterfaceOrientationLandscapeRight";
				INFOPLIST_KEY_UISupportedInterfaceOrientations_iPhone = "UIInterfaceOrientationPortrait UIInterfaceOrientationLandscapeLeft UIInterfaceOrientationLandscapeRight";
				LD_RUNPATH_SEARCH_PATHS = (
					"$(inherited)",
					"@executable_path/Frameworks",
				);
				MARKETING_VERSION = 1.0;
				PRODUCT_BUNDLE_IDENTIFIER = com.webkit.Art;
				PRODUCT_NAME = "$(TARGET_NAME)";
				SWIFT_EMIT_LOC_STRINGS = YES;
				SWIFT_VERSION = 5.0;
				TARGETED_DEVICE_FAMILY = "1,2";
			};
			name = Release;
		};
		52DE6A6A27FEA42900C195BC /* Debug */ = {
			isa = XCBuildConfiguration;
			buildSettings = {
				ASSETCATALOG_COMPILER_APPICON_NAME = AppIcon;
				ASSETCATALOG_COMPILER_GLOBAL_ACCENT_COLOR_NAME = AccentColor;
				CODE_SIGN_STYLE = Automatic;
				CURRENT_PROJECT_VERSION = 1;
				DEVELOPMENT_TEAM = F94T4F28AP;
				GENERATE_INFOPLIST_FILE = YES;
				INFOPLIST_FILE = ArtAdmin/Info.plist;
				INFOPLIST_KEY_UIApplicationSupportsIndirectInputEvents = YES;
				INFOPLIST_KEY_UILaunchStoryboardName = LaunchScreen;
				INFOPLIST_KEY_UIMainStoryboardFile = Main;
				INFOPLIST_KEY_UISupportedInterfaceOrientations_iPad = "UIInterfaceOrientationPortrait UIInterfaceOrientationPortraitUpsideDown UIInterfaceOrientationLandscapeLeft UIInterfaceOrientationLandscapeRight";
				INFOPLIST_KEY_UISupportedInterfaceOrientations_iPhone = "UIInterfaceOrientationPortrait UIInterfaceOrientationLandscapeLeft UIInterfaceOrientationLandscapeRight";
				LD_RUNPATH_SEARCH_PATHS = (
					"$(inherited)",
					"@executable_path/Frameworks",
				);
				MARKETING_VERSION = 1.0;
				PRODUCT_BUNDLE_IDENTIFIER = com.webkit.ArtAdmin;
				PRODUCT_NAME = "$(TARGET_NAME)";
				SWIFT_EMIT_LOC_STRINGS = YES;
				SWIFT_VERSION = 5.0;
				TARGETED_DEVICE_FAMILY = "1,2";
			};
			name = Debug;
		};
		52DE6A6B27FEA42900C195BC /* Release */ = {
			isa = XCBuildConfiguration;
			buildSettings = {
				ASSETCATALOG_COMPILER_APPICON_NAME = AppIcon;
				ASSETCATALOG_COMPILER_GLOBAL_ACCENT_COLOR_NAME = AccentColor;
				CODE_SIGN_STYLE = Automatic;
				CURRENT_PROJECT_VERSION = 1;
				DEVELOPMENT_TEAM = F94T4F28AP;
				GENERATE_INFOPLIST_FILE = YES;
				INFOPLIST_FILE = ArtAdmin/Info.plist;
				INFOPLIST_KEY_UIApplicationSupportsIndirectInputEvents = YES;
				INFOPLIST_KEY_UILaunchStoryboardName = LaunchScreen;
				INFOPLIST_KEY_UIMainStoryboardFile = Main;
				INFOPLIST_KEY_UISupportedInterfaceOrientations_iPad = "UIInterfaceOrientationPortrait UIInterfaceOrientationPortraitUpsideDown UIInterfaceOrientationLandscapeLeft UIInterfaceOrientationLandscapeRight";
				INFOPLIST_KEY_UISupportedInterfaceOrientations_iPhone = "UIInterfaceOrientationPortrait UIInterfaceOrientationLandscapeLeft UIInterfaceOrientationLandscapeRight";
				LD_RUNPATH_SEARCH_PATHS = (
					"$(inherited)",
					"@executable_path/Frameworks",
				);
				MARKETING_VERSION = 1.0;
				PRODUCT_BUNDLE_IDENTIFIER = com.webkit.ArtAdmin;
				PRODUCT_NAME = "$(TARGET_NAME)";
				SWIFT_EMIT_LOC_STRINGS = YES;
				SWIFT_VERSION = 5.0;
				TARGETED_DEVICE_FAMILY = "1,2";
			};
			name = Release;
		};
/* End XCBuildConfiguration section */

/* Begin XCConfigurationList section */
		52DE6A3827FEA40C00C195BC /* Build configuration list for PBXProject "Art" */ = {
			isa = XCConfigurationList;
			buildConfigurations = (
				52DE6A4F27FEA40C00C195BC /* Debug */,
				52DE6A5027FEA40C00C195BC /* Release */,
			);
			defaultConfigurationIsVisible = 0;
			defaultConfigurationName = Release;
		};
		52DE6A5127FEA40C00C195BC /* Build configuration list for PBXNativeTarget "Art" */ = {
			isa = XCConfigurationList;
			buildConfigurations = (
				52DE6A5227FEA40C00C195BC /* Debug */,
				52DE6A5327FEA40C00C195BC /* Release */,
			);
			defaultConfigurationIsVisible = 0;
			defaultConfigurationName = Release;
		};
		52DE6A6927FEA42900C195BC /* Build configuration list for PBXNativeTarget "ArtAdmin" */ = {
			isa = XCConfigurationList;
			buildConfigurations = (
				52DE6A6A27FEA42900C195BC /* Debug */,
				52DE6A6B27FEA42900C195BC /* Release */,
			);
			defaultConfigurationIsVisible = 0;
			defaultConfigurationName = Release;
		};
/* End XCConfigurationList section */

/* Begin XCRemoteSwiftPackageReference section */
		52DE6A7327FEA74600C195BC /* XCRemoteSwiftPackageReference "firebase-ios-sdk" */ = {
			isa = XCRemoteSwiftPackageReference;
			repositoryURL = "https://github.com/firebase/firebase-ios-sdk";
			requirement = {
				kind = upToNextMajorVersion;
				minimumVersion = 8.0.0;
			};
		};
		52DE6A8227FEA76600C195BC /* XCRemoteSwiftPackageReference "Kingfisher" */ = {
			isa = XCRemoteSwiftPackageReference;
			repositoryURL = "https://github.com/onevcat/Kingfisher.git";
			requirement = {
				kind = upToNextMajorVersion;
				minimumVersion = 7.0.0;
			};
		};
		52DE6A8527FEA9D300C195BC /* XCRemoteSwiftPackageReference "stripe-ios" */ = {
			isa = XCRemoteSwiftPackageReference;
			repositoryURL = "https://github.com/stripe/stripe-ios.git";
			requirement = {
				kind = upToNextMajorVersion;
				minimumVersion = 22.0.0;
			};
		};
/* End XCRemoteSwiftPackageReference section */

/* Begin XCSwiftPackageProductDependency section */
		52DE6A7427FEA74600C195BC /* FirebaseAnalytics */ = {
			isa = XCSwiftPackageProductDependency;
			package = 52DE6A7327FEA74600C195BC /* XCRemoteSwiftPackageReference "firebase-ios-sdk" */;
			productName = FirebaseAnalytics;
		};
		52DE6A7627FEA74600C195BC /* FirebaseAnalyticsSwift-Beta */ = {
			isa = XCSwiftPackageProductDependency;
			package = 52DE6A7327FEA74600C195BC /* XCRemoteSwiftPackageReference "firebase-ios-sdk" */;
			productName = "FirebaseAnalyticsSwift-Beta";
		};
		52DE6A7827FEA74600C195BC /* FirebaseAnalyticsWithoutAdIdSupport */ = {
			isa = XCSwiftPackageProductDependency;
			package = 52DE6A7327FEA74600C195BC /* XCRemoteSwiftPackageReference "firebase-ios-sdk" */;
			productName = FirebaseAnalyticsWithoutAdIdSupport;
		};
		52DE6A7A27FEA74600C195BC /* FirebaseAuth */ = {
			isa = XCSwiftPackageProductDependency;
			package = 52DE6A7327FEA74600C195BC /* XCRemoteSwiftPackageReference "firebase-ios-sdk" */;
			productName = FirebaseAuth;
		};
		52DE6A7C27FEA74600C195BC /* FirebaseFirestore */ = {
			isa = XCSwiftPackageProductDependency;
			package = 52DE6A7327FEA74600C195BC /* XCRemoteSwiftPackageReference "firebase-ios-sdk" */;
			productName = FirebaseFirestore;
		};
		52DE6A7E27FEA74600C195BC /* FirebaseFunctions */ = {
			isa = XCSwiftPackageProductDependency;
			package = 52DE6A7327FEA74600C195BC /* XCRemoteSwiftPackageReference "firebase-ios-sdk" */;
			productName = FirebaseFunctions;
		};
		52DE6A8027FEA74600C195BC /* FirebaseStorage */ = {
			isa = XCSwiftPackageProductDependency;
			package = 52DE6A7327FEA74600C195BC /* XCRemoteSwiftPackageReference "firebase-ios-sdk" */;
			productName = FirebaseStorage;
		};
		52DE6A8327FEA76600C195BC /* Kingfisher */ = {
			isa = XCSwiftPackageProductDependency;
			package = 52DE6A8227FEA76600C195BC /* XCRemoteSwiftPackageReference "Kingfisher" */;
			productName = Kingfisher;
		};
		52DE6A8627FEA9D300C195BC /* Stripe */ = {
			isa = XCSwiftPackageProductDependency;
			package = 52DE6A8527FEA9D300C195BC /* XCRemoteSwiftPackageReference "stripe-ios" */;
			productName = Stripe;
		};
		52DE6A8827FEA9D300C195BC /* StripeApplePay */ = {
			isa = XCSwiftPackageProductDependency;
			package = 52DE6A8527FEA9D300C195BC /* XCRemoteSwiftPackageReference "stripe-ios" */;
			productName = StripeApplePay;
		};
		52DE6A8A27FEA9D300C195BC /* StripeConnections */ = {
			isa = XCSwiftPackageProductDependency;
			package = 52DE6A8527FEA9D300C195BC /* XCRemoteSwiftPackageReference "stripe-ios" */;
			productName = StripeConnections;
		};
/* End XCSwiftPackageProductDependency section */
	};
	rootObject = 52DE6A3527FEA40C00C195BC /* Project object */;
}
